
Microsoft Visual Studio Solution File, Format Version 12.00
Project("{FAE04EC0-301F-11D3-BF4B-00C04F79EFBC}") = "ListFunctions", "ListFunctions\ListFunctions.csproj", "{6802925F-A52E-40A0-997B-0159ECE78711}"
EndProject
Project("{FAE04EC0-301F-11D3-BF4B-00C04F79EFBC}") = "ListFunctionsTests", "ListFunctionsTests\ListFunctionsTests.csproj", "{AA3AAD0C-A09B-41BA-BBC3-FBD3E8B01B05}"
EndProject
Global
	GlobalSection(SolutionConfigurationPlatforms) = preSolution
		Debug|Any CPU = Debug|Any CPU
		Release|Any CPU = Release|Any CPU
	EndGlobalSection
	GlobalSection(ProjectConfigurationPlatforms) = postSolution
		{6802925F-A52E-40A0-997B-0159ECE78711}.Debug|Any CPU.ActiveCfg = Debug|Any CPU
		{6802925F-A52E-40A0-997B-0159ECE78711}.Debug|Any CPU.Build.0 = Debug|Any CPU
		{6802925F-A52E-40A0-997B-0159ECE78711}.Release|Any CPU.ActiveCfg = Release|Any CPU
		{6802925F-A52E-40A0-997B-0159ECE78711}.Release|Any CPU.Build.0 = Release|Any CPU
		{AA3AAD0C-A09B-41BA-BBC3-FBD3E8B01B05}.Debug|Any CPU.ActiveCfg = Debug|Any CPU
		{AA3AAD0C-A09B-41BA-BBC3-FBD3E8B01B05}.Debug|Any CPU.Build.0 = Debug|Any CPU
		{AA3AAD0C-A09B-41BA-BBC3-FBD3E8B01B05}.Release|Any CPU.ActiveCfg = Release|Any CPU
		{AA3AAD0C-A09B-41BA-BBC3-FBD3E8B01B05}.Release|Any CPU.Build.0 = Release|Any CPU
	EndGlobalSection
EndGlobal
