
Microsoft Visual Studio Solution File, Format Version 12.00
Project("{FAE04EC0-301F-11D3-BF4B-00C04F79EFBC}") = "InsertionSort", "InsertionSort\InsertionSort.csproj", "{16F3D69E-B341-4017-8221-678455D59A74}"
EndProject
Project("{FAE04EC0-301F-11D3-BF4B-00C04F79EFBC}") = "InsertionSortTestProj", "InsertionSortTestProj\InsertionSortTestProj.csproj", "{9920FAC6-F7C5-4707-8AE3-72BFC30FF3EE}"
EndProject
Global
	GlobalSection(SolutionConfigurationPlatforms) = preSolution
		Debug|Any CPU = Debug|Any CPU
		Release|Any CPU = Release|Any CPU
	EndGlobalSection
	GlobalSection(ProjectConfigurationPlatforms) = postSolution
		{16F3D69E-B341-4017-8221-678455D59A74}.Debug|Any CPU.ActiveCfg = Debug|Any CPU
		{16F3D69E-B341-4017-8221-678455D59A74}.Debug|Any CPU.Build.0 = Debug|Any CPU
		{16F3D69E-B341-4017-8221-678455D59A74}.Release|Any CPU.ActiveCfg = Release|Any CPU
		{16F3D69E-B341-4017-8221-678455D59A74}.Release|Any CPU.Build.0 = Release|Any CPU
		{9920FAC6-F7C5-4707-8AE3-72BFC30FF3EE}.Debug|Any CPU.ActiveCfg = Debug|Any CPU
		{9920FAC6-F7C5-4707-8AE3-72BFC30FF3EE}.Debug|Any CPU.Build.0 = Debug|Any CPU
		{9920FAC6-F7C5-4707-8AE3-72BFC30FF3EE}.Release|Any CPU.ActiveCfg = Release|Any CPU
		{9920FAC6-F7C5-4707-8AE3-72BFC30FF3EE}.Release|Any CPU.Build.0 = Release|Any CPU
	EndGlobalSection
EndGlobal
