
Microsoft Visual Studio Solution File, Format Version 12.00
Project("{FAE04EC0-301F-11D3-BF4B-00C04F79EFBC}") = "TrieProj", "TrieProj\TrieProj.csproj", "{78AB67BB-F09F-4C10-941E-48E12C737718}"
EndProject
Project("{FAE04EC0-301F-11D3-BF4B-00C04F79EFBC}") = "TrieUnitTests", "TrieUnitTests\TrieUnitTests.csproj", "{C2C135B6-B6EF-444E-95E0-BD629A920A27}"
EndProject
Global
	GlobalSection(SolutionConfigurationPlatforms) = preSolution
		Debug|Any CPU = Debug|Any CPU
		Release|Any CPU = Release|Any CPU
	EndGlobalSection
	GlobalSection(ProjectConfigurationPlatforms) = postSolution
		{78AB67BB-F09F-4C10-941E-48E12C737718}.Debug|Any CPU.ActiveCfg = Debug|Any CPU
		{78AB67BB-F09F-4C10-941E-48E12C737718}.Debug|Any CPU.Build.0 = Debug|Any CPU
		{78AB67BB-F09F-4C10-941E-48E12C737718}.Release|Any CPU.ActiveCfg = Release|Any CPU
		{78AB67BB-F09F-4C10-941E-48E12C737718}.Release|Any CPU.Build.0 = Release|Any CPU
		{C2C135B6-B6EF-444E-95E0-BD629A920A27}.Debug|Any CPU.ActiveCfg = Debug|Any CPU
		{C2C135B6-B6EF-444E-95E0-BD629A920A27}.Debug|Any CPU.Build.0 = Debug|Any CPU
		{C2C135B6-B6EF-444E-95E0-BD629A920A27}.Release|Any CPU.ActiveCfg = Release|Any CPU
		{C2C135B6-B6EF-444E-95E0-BD629A920A27}.Release|Any CPU.Build.0 = Release|Any CPU
	EndGlobalSection
EndGlobal
