
Microsoft Visual Studio Solution File, Format Version 12.00
Project("{FAE04EC0-301F-11D3-BF4B-00C04F79EFBC}") = "StackCalculatorProj", "StackCalculatorProj\StackCalculatorProj.csproj", "{35FB456C-A367-4BEB-85B6-BD7AFD764C4F}"
EndProject
Project("{FAE04EC0-301F-11D3-BF4B-00C04F79EFBC}") = "CalculatorUnitTests", "CalculatorUnitTests\CalculatorUnitTests.csproj", "{5CAFD23E-33F6-4D85-8E61-F52077084887}"
EndProject
Global
	GlobalSection(SolutionConfigurationPlatforms) = preSolution
		Debug|Any CPU = Debug|Any CPU
		Release|Any CPU = Release|Any CPU
	EndGlobalSection
	GlobalSection(ProjectConfigurationPlatforms) = postSolution
		{35FB456C-A367-4BEB-85B6-BD7AFD764C4F}.Debug|Any CPU.ActiveCfg = Debug|Any CPU
		{35FB456C-A367-4BEB-85B6-BD7AFD764C4F}.Debug|Any CPU.Build.0 = Debug|Any CPU
		{35FB456C-A367-4BEB-85B6-BD7AFD764C4F}.Release|Any CPU.ActiveCfg = Release|Any CPU
		{35FB456C-A367-4BEB-85B6-BD7AFD764C4F}.Release|Any CPU.Build.0 = Release|Any CPU
		{5CAFD23E-33F6-4D85-8E61-F52077084887}.Debug|Any CPU.ActiveCfg = Debug|Any CPU
		{5CAFD23E-33F6-4D85-8E61-F52077084887}.Debug|Any CPU.Build.0 = Debug|Any CPU
		{5CAFD23E-33F6-4D85-8E61-F52077084887}.Release|Any CPU.ActiveCfg = Release|Any CPU
		{5CAFD23E-33F6-4D85-8E61-F52077084887}.Release|Any CPU.Build.0 = Release|Any CPU
	EndGlobalSection
EndGlobal
